Microsoft Visual Studio Solution File, Format Version 12.00
# Visual Studio Version 17
VisualStudioVersion = 17.13.35931.197
MinimumVisualStudioVersion = 10.0.40219.1
Project("{FAE04EC0-301F-11D3-BF4B-00C04F79EFBC}") = "EvenOrOdd", "EvenOrOdd\EvenOrOdd.csproj", "{0E8170F2-7658-4691-93B0-F73F6038665B}"
EndProject
Global
	GlobalSection(SolutionConfigurationPlatforms) = preSolution
		Debug|Any CPU = Debug|Any CPU
		Release|Any CPU = Release|Any CPU
	EndGlobalSection
	GlobalSection(ProjectConfigurationPlatforms) = postSolution
		{0E8170F2-7658-4691-93B0-F73F6038665B}.Debug|Any CPU.ActiveCfg = Debug|Any CPU
		{0E8170F2-7658-4691-93B0-F73F6038665B}.Debug|Any CPU.Build.0 = Debug|Any CPU
		{0E8170F2-7658-4691-93B0-F73F6038665B}.Release|Any CPU.ActiveCfg = Release|Any CPU
		{0E8170F2-7658-4691-93B0-F73F6038665B}.Release|Any CPU.Build.0 = Release|Any CPU
	EndGlobalSection
	GlobalSection(SolutionProperties) = preSolution
		HideSolutionNode = FALSE
	EndGlobalSection
	GlobalSection(ExtensibilityGlobals) = postSolution
		SolutionGuid = {23D0E3D9-1032-4AE5-A21B-30C80A5267E5}
	EndGlobalSection
EndGlobal
